
Microsoft Visual Studio Solution File, Format Version 12.00
# Visual Studio 2013
VisualStudioVersion = 12.0.0.0
MinimumVisualStudioVersion = 10.0.0.1
Project("{FAE04EC0-301F-11D3-BF4B-00C04F79EFBC}") = "SetWalletBot.Presentation.Slack", "SetWalletBot.Presentation.Slack\SetWalletBot.Presentation.Slack.csproj", "{FED3D107-625A-4D6A-B545-97B9A674BF0B}"
EndProject
Project("{FAE04EC0-301F-11D3-BF4B-00C04F79EFBC}") = "SetWalletBot.Toolbox.Unit", "SetWalletBot.Toolbox.Unit\SetWalletBot.Toolbox.Unit.csproj", "{E0BBCAEC-2399-429E-AFDB-A97BC1EED991}"
EndProject
Project("{FAE04EC0-301F-11D3-BF4B-00C04F79EFBC}") = "SetWalletBot.Toolbox", "SetWalletBot.Toolbox\SetWalletBot.Toolbox.csproj", "{A1B52F85-31AF-443A-B758-89FE931FBA83}"
EndProject
Global
	GlobalSection(SolutionConfigurationPlatforms) = preSolution
		Debug|Any CPU = Debug|Any CPU
		Release|Any CPU = Release|Any CPU
	EndGlobalSection
	GlobalSection(ProjectConfigurationPlatforms) = postSolution
		{FED3D107-625A-4D6A-B545-97B9A674BF0B}.Debug|Any CPU.ActiveCfg = Debug|Any CPU
		{FED3D107-625A-4D6A-B545-97B9A674BF0B}.Debug|Any CPU.Build.0 = Debug|Any CPU
		{FED3D107-625A-4D6A-B545-97B9A674BF0B}.Release|Any CPU.ActiveCfg = Release|Any CPU
		{FED3D107-625A-4D6A-B545-97B9A674BF0B}.Release|Any CPU.Build.0 = Release|Any CPU
		{E0BBCAEC-2399-429E-AFDB-A97BC1EED991}.Debug|Any CPU.ActiveCfg = Debug|Any CPU
		{E0BBCAEC-2399-429E-AFDB-A97BC1EED991}.Debug|Any CPU.Build.0 = Debug|Any CPU
		{E0BBCAEC-2399-429E-AFDB-A97BC1EED991}.Release|Any CPU.ActiveCfg = Release|Any CPU
		{E0BBCAEC-2399-429E-AFDB-A97BC1EED991}.Release|Any CPU.Build.0 = Release|Any CPU
		{A1B52F85-31AF-443A-B758-89FE931FBA83}.Debug|Any CPU.ActiveCfg = Debug|Any CPU
		{A1B52F85-31AF-443A-B758-89FE931FBA83}.Debug|Any CPU.Build.0 = Debug|Any CPU
		{A1B52F85-31AF-443A-B758-89FE931FBA83}.Release|Any CPU.ActiveCfg = Release|Any CPU
		{A1B52F85-31AF-443A-B758-89FE931FBA83}.Release|Any CPU.Build.0 = Release|Any CPU
	EndGlobalSection
	GlobalSection(SolutionProperties) = preSolution
		HideSolutionNode = FALSE
	EndGlobalSection
EndGlobal
